
Microsoft Visual Studio Solution File, Format Version 12.00
# Visual Studio Version 16
VisualStudioVersion = 16.0.31321.278
MinimumVisualStudioVersion = 10.0.40219.1
Project("{FAE04EC0-301F-11D3-BF4B-00C04F79EFBC}") = "ZEE5 Live TV", "ZEE5 Live TV\ZEE5 Live TV.csproj", "{98F383DC-7D0F-489D-8632-27B78A4F1708}"
EndProject
Global
	GlobalSection(SolutionConfigurationPlatforms) = preSolution
		Debug|Any CPU = Debug|Any CPU
		Release|Any CPU = Release|Any CPU
	EndGlobalSection
	GlobalSection(ProjectConfigurationPlatforms) = postSolution
		{98F383DC-7D0F-489D-8632-27B78A4F1708}.Debug|Any CPU.ActiveCfg = Debug|Any CPU
		{98F383DC-7D0F-489D-8632-27B78A4F1708}.Debug|Any CPU.Build.0 = Debug|Any CPU
		{98F383DC-7D0F-489D-8632-27B78A4F1708}.Release|Any CPU.ActiveCfg = Release|Any CPU
		{98F383DC-7D0F-489D-8632-27B78A4F1708}.Release|Any CPU.Build.0 = Release|Any CPU
	EndGlobalSection
	GlobalSection(SolutionProperties) = preSolution
		HideSolutionNode = FALSE
	EndGlobalSection
	GlobalSection(ExtensibilityGlobals) = postSolution
		SolutionGuid = {05ADAC0C-821E-4958-A45C-F488593E78D3}
	EndGlobalSection
EndGlobal
